{
  "name": "callcheck-backend",
  "version": "1.0.0",
  "lockfileVersion": 3,
  "requires": true,
  "packages": {
    "": {
      "name": "callcheck-backend",
      "version": "1.0.0",
      "license": "MIT",
      "dependencies": {
        "@paypal/paypal-server-sdk": "2.5.0"
      },
      "devDependencies": {
        "@aws-sdk/client-bedrock-runtime": "^3.700.0",
        "@aws-sdk/client-dynamodb": "^3.700.0",
        "@aws-sdk/client-lambda": "^3.700.0",
        "@aws-sdk/lib-dynamodb": "^3.700.0"
      }
    },
    "node_modules/@apimatic/authentication-adapters": {
      "version": "0.5.14",
      "resolved": "https://registry.npmjs.org/@apimatic/authentication-adapters/-/authentication-adapters-0.5.14.tgz",
      "integrity": "sha512-V7nhHShPrU8LfjKKHoVJNS50SveSL77CexVuS4aeQyXx99HwdQVJwl2MK0KAYM6/b2ufQbJ7Eee2fzQT0TVXSQ==",
      "license": "MIT",
      "dependencies": {
        "@apimatic/core-interfaces": "^0.2.14",
        "@apimatic/http-headers": "^0.3.8",
        "@apimatic/http-query": "^0.3.9",
        "tslib": "^2.8.1"
      },
      "engines": {
        "node": ">=14.15.0 || >=16.0.0"
      }
    },
    "node_modules/@apimatic/axios-client-adapter": {
      "version": "0.3.21",
      "resolved": "https://registry.npmjs.org/@apimatic/axios-client-adapter/-/axios-client-adapter-0.3.21.tgz",
      "integrity": "sha512-pr/XvAvH9FjbpwM+B7vHQxM7alocOX1kLNtSpXKW3yxTYxksF3ydnUuQ85rRbCoNpyfMOIjnRBCNUBzX5p2Hnw==",
      "license": "MIT",
      "dependencies": {
        "@apimatic/convert-to-stream": "^0.1.9",
        "@apimatic/core-interfaces": "^0.2.14",
        "@apimatic/file-wrapper": "^0.3.9",
        "@apimatic/http-headers": "^0.3.8",
        "@apimatic/http-query": "^0.3.9",
        "@apimatic/json-bigint": "^1.2.0",
        "@apimatic/proxy": "^0.1.4",
        "axios": "^1.8.4",
        "detect-browser": "^5.3.0",
        "detect-node": "^2.1.0",
        "form-data": "^4.0.1",
        "lodash.flatmap": "^4.5.0",
        "tiny-warning": "^1.0.3",
        "tslib": "^2.8.1"
      },
      "engines": {
        "node": ">=14.15.0 || >=16.0.0"
      }
    },
    "node_modules/@apimatic/convert-to-stream": {
      "version": "0.1.9",
      "resolved": "https://registry.npmjs.org/@apimatic/convert-to-stream/-/convert-to-stream-0.1.9.tgz",
      "integrity": "sha512-C9NEKnDZoTRBRVeUGXVyAEmy6P5o+8oLwEckTKj0iBlExJLEXNt14nf4wxfzRO1KR8j5Bw8S6yStKCrQzcVERA==",
      "license": "MIT",
      "dependencies": {
        "tslib": "2.8.1"
      },
      "engines": {
        "node": ">=14.15.0 || >=16.0.0"
      }
    },
    "node_modules/@apimatic/core": {
      "version": "0.10.30",
      "resolved": "https://registry.npmjs.org/@apimatic/core/-/core-0.10.30.tgz",
      "integrity": "sha512-MqODm1YwuW5yK7gkVtqiRQBgoAfjsTSNYTYJP4cg/JDaF8RokpiupSEDuUW6Xdo3fl/4tGCzphtAlKSeLUWKVA==",
      "license": "MIT",
      "dependencies": {
        "@apimatic/convert-to-stream": "^0.1.9",
        "@apimatic/core-interfaces": "^0.2.14",
        "@apimatic/file-wrapper": "^0.3.9",
        "@apimatic/http-headers": "^0.3.8",
        "@apimatic/http-query": "^0.3.9",
        "@apimatic/json-bigint": "^1.2.0",
        "@apimatic/schema": "^0.7.21",
        "detect-browser": "^5.3.0",
        "detect-node": "^2.1.0",
        "form-data": "^4.0.1",
        "lodash.defaultsdeep": "^4.6.1",
        "lodash.flatmap": "^4.5.0",
        "tiny-warning": "^1.0.3",
        "tslib": "^2.8.1"
      },
      "engines": {
        "node": ">=14.15.0 || >=16.0.0"
      }
    },
    "node_modules/@apimatic/core-interfaces": {
      "version": "0.2.14",
      "resolved": "https://registry.npmjs.org/@apimatic/core-interfaces/-/core-interfaces-0.2.14.tgz",
      "integrity": "sha512-PQmSU32ndxtDddMCjbkNY/sVvDwQAsHUGKrdG5aGVE7iw/qvB2Tm2zyCarOB5TlDr4OB+/tuLCVhji0icx6MHg==",
      "license": "MIT",
      "dependencies": {
        "@apimatic/file-wrapper": "^0.3.9",
        "@apimatic/json-bigint": "^1.2.0",
        "tslib": "^2.8.1"
      },
      "engines": {
        "node": ">=14.15.0 || >=16.0.0"
      }
    },
    "node_modules/@apimatic/file-wrapper": {
      "version": "0.3.9",
      "resolved": "https://registry.npmjs.org/@apimatic/file-wrapper/-/file-wrapper-0.3.9.tgz",
      "integrity": "sha512-Fh3UE7UPs2v4wkJdsD+uJFF147+7X0qkQfKBdeLZx6mZ5RmBJOBbS6ApvstQTV279YsHiiedKUZGJ6XLoVU+pQ==",
      "license": "MIT",
      "dependencies": {
        "tslib": "2.8.1"
      },
      "engines": {
        "node": ">=14.15.0 || >=16.0.0"
      }
    },
    "node_modules/@apimatic/http-headers": {
      "version": "0.3.8",
      "resolved": "https://registry.npmjs.org/@apimatic/http-headers/-/http-headers-0.3.8.tgz",
      "integrity": "sha512-ShvCuT39hYfBTI+H1I16m5i6XZCyUy2kQJ6Jhfj78TwsW5r6AyCbzW7DEro8GN2nNYRU1+E/hrgH6J85YmriOA==",
      "license": "MIT",
      "dependencies": {
        "tslib": "2.8.1"
      },
      "engines": {
        "node": ">=14.15.0 || >=16.0.0"
      }
    },
    "node_modules/@apimatic/http-query": {
      "version": "0.3.9",
      "resolved": "https://registry.npmjs.org/@apimatic/http-query/-/http-query-0.3.9.tgz",
      "integrity": "sha512-D6nqXcCR3P6iWbJ9uFXyyF2z1PEhTbGFbHNNuwF1NQ4tnThQk67DW9ou7/XcWi21zLh9MUchDWw9I0iE+5F2xA==",
      "license": "MIT",
      "dependencies": {
        "@apimatic/core-interfaces": "^0.2.14",
        "@apimatic/file-wrapper": "^0.3.9",
        "tslib": "^2.8.1"
      },
      "engines": {
        "node": ">=14.15.0 || >=16.0.0"
      }
    },
    "node_modules/@apimatic/json-bigint": {
      "version": "1.2.0",
      "resolved": "https://registry.npmjs.org/@apimatic/json-bigint/-/json-bigint-1.2.0.tgz",
      "integrity": "sha512-+bmVzYMdZu0Ya5L+my4FXFUih54OvQA/qlZsFOYdOoostyUuB27UDrVWQs/WVCmS0ADdo5vTU0eeTrrBkHoySw==",
      "license": "MIT"
    },
    "node_modules/@apimatic/oauth-adapters": {
      "version": "0.4.18",
      "resolved": "https://registry.npmjs.org/@apimatic/oauth-adapters/-/oauth-adapters-0.4.18.tgz",
      "integrity": "sha512-MpRyBgKWg3yINQR85tBPmtU/596P0gdj4RmQ3s4D1LRuwDzqRO8GpRq74J8hxQ7vLQvH0OfGh6zzhr1KI4dQRQ==",
      "license": "MIT",
      "dependencies": {
        "@apimatic/core-interfaces": "^0.2.14",
        "@apimatic/file-wrapper": "^0.3.9",
        "@apimatic/http-headers": "^0.3.8",
        "tslib": "^2.8.1"
      },
      "engines": {
        "node": ">=14.15.0 || >=16.0.0"
      }
    },
    "node_modules/@apimatic/proxy": {
      "version": "0.1.4",
      "resolved": "https://registry.npmjs.org/@apimatic/proxy/-/proxy-0.1.4.tgz",
      "integrity": "sha512-Vzgfu7wcA5aEJyj2SjQ00Tb06fhBof8gDo1kSsF6sZBm4QjdFywN5AMbQwhfFOKjHqcsNmJspdeqcdymUQ77jA==",
      "license": "MIT",
      "dependencies": {
        "http-proxy-agent": "^7.0.2",
        "https-proxy-agent": "^7.0.6"
      },
      "engines": {
        "node": ">=14.15.0 || >=16.0.0"
      }
    },
    "node_modules/@apimatic/schema": {
      "version": "0.7.21",
      "resolved": "https://registry.npmjs.org/@apimatic/schema/-/schema-0.7.21.tgz",
      "integrity": "sha512-RCke4toXjA7fBRxQVa1GR+Lj9utVOEJ3voDI26dhk+bZuAac4UXPzkTEaIO3AIe/o8pcKCOkpNIzhzm57Cv2Qg==",
      "license": "MIT",
      "dependencies": {
        "tslib": "^2.8.1"
      },
      "engines": {
        "node": ">=14.15.0 || >=16.0.0"
      }
    },
    "node_modules/@aws-sdk/client-bedrock-runtime": {
      "version": "3.1145.0",
      "resolved": "https://registry.npmjs.org/@aws-sdk/client-bedrock-runtime/-/client-bedrock-runtime-3.1145.0.tgz",
      "integrity": "sha512-5BvdlWrGxZbCb984dxTx9RsVN4/w6rTxpWVdAp9lxinM/SHsIU7Vs9MY+2owU4M5yBCi2RCLGpIOOMK2C+J7vw==",
      "dev": true,
      "license": "Apache-2.0",
      "dependencies": {
        "@aws-sdk/core": "^3.978.1",
        "@aws-sdk/credential-provider-node": "^3.972.84",
        "@aws-sdk/eventstream-handler-node": "^3.972.35",
        "@aws-sdk/middleware-eventstream": "^3.972.30",
        "@aws-sdk/middleware-websocket": "^3.972.54",
        "@aws-sdk/token-providers": "3.1145.0",
        "@aws-sdk/types": "^3.974.6",
        "@smithy/core": "^3.35.0",
        "@smithy/fetch-http-handler": "^5.8.0",
        "@smithy/node-http-handler": "^4.12.1",
        "@smithy/types": "^4.19.0",
        "tslib": "^2.6.2"
      },
      "engines": {
        "node": ">=20.0.0"
      }
    },
    "node_modules/@aws-sdk/client-dynamodb": {
      "version": "3.1145.0",
      "resolved": "https://registry.npmjs.org/@aws-sdk/client-dynamodb/-/client-dynamodb-3.1145.0.tgz",
      "integrity": "sha512-T5yELCRj9w2wPKPX0gGLY4tC4dhZq79LDyiqTfYUpAc9IjtR7vVTHQ6Epe8w5TnIHJVOOxUZvz77cXOWm3/IpA==",
      "dev": true,
      "license": "Apache-2.0",
      "dependencies": {
        "@aws-sdk/core": "^3.978.1",
        "@aws-sdk/credential-provider-node": "^3.972.84",
        "@aws-sdk/dynamodb-codec": "^3.973.46",
        "@aws-sdk/middleware-endpoint-discovery": "^3.972.31",
        "@aws-sdk/types": "^3.974.6",
        "@smithy/core": "^3.35.0",
        "@smithy/fetch-http-handler": "^5.8.0",
        "@smithy/node-http-handler": "^4.12.1",
        "@smithy/types": "^4.19.0",
        "tslib": "^2.6.2"
      },
      "engines": {
        "node": ">=20.0.0"
      }
    },
    "node_modules/@aws-sdk/client-lambda": {
      "version": "3.1145.0",
      "resolved": "https://registry.npmjs.org/@aws-sdk/client-lambda/-/client-lambda-3.1145.0.tgz",
      "integrity": "sha512-uaLSzgUtvnwccpE0vf0TPD5SClEQlF10QP5D4zGTKYKwa+uUWhto4wHNhvFKJ1fNsuC4hPT1MIVW840zhWCMfA==",
      "dev": true,
      "license": "Apache-2.0",
      "dependencies": {
        "@aws-sdk/core": "^3.978.1",
        "@aws-sdk/credential-provider-node": "^3.972.84",
        "@aws-sdk/types": "^3.974.6",
        "@smithy/core": "^3.35.0",
        "@smithy/fetch-http-handler": "^5.8.0",
        "@smithy/node-http-handler": "^4.12.1",
        "@smithy/types": "^4.19.0",
        "tslib": "^2.6.2"
      },
      "engines": {
        "node": ">=20.0.0"
      }
    },
    "node_modules/@aws-sdk/core": {
      "version": "3.978.1",
      "resolved": "https://registry.npmjs.org/@aws-sdk/core/-/core-3.978.1.tgz",
      "integrity": "sha512-LbY9aGsEiznDWmUc30Nwv3aIX/+dbwTx8KfS0yOC3NPYMO+O91e6jkT1azf34FwjOndq8/Q+RcVVZz5xnerwdg==",
      "dev": true,
      "license": "Apache-2.0",
      "dependencies": {
        "@aws-sdk/types": "^3.974.6",
        "@aws-sdk/xml-builder": "^3.972.41",
        "@aws/lambda-invoke-store": "^0.3.0",
        "@smithy/core": "^3.35.0",
        "@smithy/signature-v4": "^5.7.3",
        "@smithy/types": "^4.19.0",
        "bowser": "^2.11.0",
        "tslib": "^2.6.2"
      },
      "engines": {
        "node": ">=20.0.0"
      }
    },
    "node_modules/@aws-sdk/credential-provider-env": {
      "version": "3.972.72",
      "resolved": "https://registry.npmjs.org/@aws-sdk/credential-provider-env/-/credential-provider-env-3.972.72.tgz",
      "integrity": "sha512-xTKO/FWJPozTIXbozVnVGoNBhaGba8TBcx+KyUjRVeOlXE+dUc7GTR1cLvu0uTdIdmemzaFbqqCshXeZA1fZew==",
      "dev": true,
      "license": "Apache-2.0",
      "dependencies": {
        "@aws-sdk/core": "^3.978.1",
        "@aws-sdk/types": "^3.974.6",
        "@smithy/core": "^3.35.0",
        "@smithy/types": "^4.19.0",
        "tslib": "^2.6.2"
      },
      "engines": {
        "node": ">=20.0.0"
      }
    },
    "node_modules/@aws-sdk/credential-provider-http": {
      "version": "3.972.74",
      "resolved": "https://registry.npmjs.org/@aws-sdk/credential-provider-http/-/credential-provider-http-3.972.74.tgz",
      "integrity": "sha512-u91E/hT8f4d1xy0Jl7VG4nVKJ3lxbrZkoBTeSVoJdWBiSEUMwMS/9+e0H/aJVQV//Lt5wuzP+E69v4aRSsNTmw==",
      "dev": true,
      "license": "Apache-2.0",
      "dependencies": {
        "@aws-sdk/core": "^3.978.1",
        "@aws-sdk/types": "^3.974.6",
        "@smithy/core": "^3.35.0",
        "@smithy/fetch-http-handler": "^5.8.0",
        "@smithy/node-http-handler": "^4.12.1",
        "@smithy/types": "^4.19.0",
        "tslib": "^2.6.2"
      },
      "engines": {
        "node": ">=20.0.0"
      }
    },
    "node_modules/@aws-sdk/credential-provider-ini": {
      "version": "3.973.17",
      "resolved": "https://registry.npmjs.org/@aws-sdk/credential-provider-ini/-/credential-provider-ini-3.973.17.tgz",
      "integrity": "sha512-ged4KXdBkvIC81bLvNHHuQKdKak/VXhQTR1NWYTTqW0474nlmsxy9O/vlgTIohDDWH3xpBdtVMZRyjb+DnocDA==",
      "dev": true,
      "license": "Apache-2.0",
      "dependencies": {
        "@aws-sdk/core": "^3.978.1",
        "@aws-sdk/credential-provider-env": "^3.972.72",
        "@aws-sdk/credential-provider-http": "^3.972.74",
        "@aws-sdk/credential-provider-login": "^3.972.79",
        "@aws-sdk/credential-provider-process": "^3.972.72",
        "@aws-sdk/credential-provider-sso": "^3.973.16",
        "@aws-sdk/credential-provider-web-identity": "^3.972.78",
        "@aws-sdk/nested-clients": "^3.997.46",
        "@aws-sdk/types": "^3.974.6",
        "@smithy/core": "^3.35.0",
        "@smithy/credential-provider-imds": "^4.5.2",
        "@smithy/types": "^4.19.0",
        "tslib": "^2.6.2"
      },
      "engines": {
        "node": ">=20.0.0"
      }
    },
    "node_modules/@aws-sdk/credential-provider-login": {
      "version": "3.972.79",
      "resolved": "https://registry.npmjs.org/@aws-sdk/credential-provider-login/-/credential-provider-login-3.972.79.tgz",
      "integrity": "sha512-L+Z85anONJd8MaiuraO4wRxATCdEejBZ3K3eymzWI5JPXa9sOS9CkIm72PBKqXKX+Z9p9NGMX5AIMXm0LEflgw==",
      "dev": true,
      "license": "Apache-2.0",
      "dependencies": {
        "@aws-sdk/core": "^3.978.1",
        "@aws-sdk/nested-clients": "^3.997.46",
        "@aws-sdk/types": "^3.974.6",
        "@smithy/core": "^3.35.0",
        "@smithy/types": "^4.19.0",
        "tslib": "^2.6.2"
      },
      "engines": {
        "node": ">=20.0.0"
      }
    },
    "node_modules/@aws-sdk/credential-provider-node": {
      "version": "3.972.84",
      "resolved": "https://registry.npmjs.org/@aws-sdk/credential-provider-node/-/credential-provider-node-3.972.84.tgz",
      "integrity": "sha512-oHt854odINVwzwsh+c5x69j0ajm4DbqqqVJ+O1ECsCIZeMDAbzFpXItaqP7UZstJj/ATdTk/KFSH0LaNAgV+kA==",
      "dev": true,
      "license": "Apache-2.0",
      "dependencies": {
        "@aws-sdk/credential-provider-env": "^3.972.72",
        "@aws-sdk/credential-provider-http": "^3.972.74",
        "@aws-sdk/credential-provider-ini": "^3.973.17",
        "@aws-sdk/credential-provider-process": "^3.972.72",
        "@aws-sdk/credential-provider-sso": "^3.973.16",
        "@aws-sdk/credential-provider-web-identity": "^3.972.78",
        "@aws-sdk/types": "^3.974.6",
        "@smithy/core": "^3.35.0",
        "@smithy/credential-provider-imds": "^4.5.2",
        "@smithy/types": "^4.19.0",
        "tslib": "^2.6.2"
      },
      "engines": {
        "node": ">=20.0.0"
      }
    },
    "node_modules/@aws-sdk/credential-provider-process": {
      "version": "3.972.72",
      "resolved": "https://registry.npmjs.org/@aws-sdk/credential-provider-process/-/credential-provider-process-3.972.72.tgz",
      "integrity": "sha512-rLIp2xbMjX/k9/od7APpqq1ZgXXnV0pOL1Th3ZsL8Wu0TRtBsDTVS8iPqcfRFcHakFxPvR04OSTv2ka2qOb/2A==",
      "dev": true,
      "license": "Apache-2.0",
      "dependencies": {
        "@aws-sdk/core": "^3.978.1",
        "@aws-sdk/types": "^3.974.6",
        "@smithy/core": "^3.35.0",
        "@smithy/types": "^4.19.0",
        "tslib": "^2.6.2"
      },
      "engines": {
        "node": ">=20.0.0"
      }
    },
    "node_modules/@aws-sdk/credential-provider-sso": {
      "version": "3.973.16",
      "resolved": "https://registry.npmjs.org/@aws-sdk/credential-provider-sso/-/credential-provider-sso-3.973.16.tgz",
      "integrity": "sha512-IGihaJfFZYacJJr/odqILCoK7W/mvrZ7cuK7ECn3sAu4vLC6u0V8bS7mCGbdugJ8Aum2tnvqmx0F2MRFp2rn9g==",
      "dev": true,
      "license": "Apache-2.0",
      "dependencies": {
        "@aws-sdk/core": "^3.978.1",
        "@aws-sdk/nested-clients": "^3.997.46",
        "@aws-sdk/token-providers": "3.1138.0",
        "@aws-sdk/types": "^3.974.6",
        "@smithy/core": "^3.35.0",
        "@smithy/types": "^4.19.0",
        "tslib": "^2.6.2"
      },
      "engines": {
        "node": ">=20.0.0"
      }
    },
    "node_modules/@aws-sdk/credential-provider-sso/node_modules/@aws-sdk/token-providers": {
      "version": "3.1138.0",
      "resolved": "https://registry.npmjs.org/@aws-sdk/token-providers/-/token-providers-3.1138.0.tgz",
      "integrity": "sha512-GpyAr0DD63YOEmYFM6Df+gJuIgC92MMTiBK4FTKfxii5MJ9ge20epR7LyroulscYlG89J+ZB2ivFDPjvfQhzdw==",
      "dev": true,
      "license": "Apache-2.0",
      "dependencies": {
        "@aws-sdk/core": "^3.978.1",
        "@aws-sdk/nested-clients": "^3.997.46",
        "@aws-sdk/types": "^3.974.6",
        "@smithy/core": "^3.35.0",
        "@smithy/types": "^4.19.0",
        "tslib": "^2.6.2"
      },
      "engines": {
        "node": ">=20.0.0"
      }
    },
    "node_modules/@aws-sdk/credential-provider-web-identity": {
      "version": "3.972.78",
      "resolved": "https://registry.npmjs.org/@aws-sdk/credential-provider-web-identity/-/credential-provider-web-identity-3.972.78.tgz",
      "integrity": "sha512-/y9WvNtlcPBGLR0qc1a+9J/xtYZfVczvLUOuXaVWylzttH7ewsxwHtjmiJSolNrVSDorIxHGHMU61CbonRkmwA==",
      "dev": true,
      "license": "Apache-2.0",
      "dependencies": {
        "@aws-sdk/core": "^3.978.1",
        "@aws-sdk/nested-clients": "^3.997.46",
        "@aws-sdk/types": "^3.974.6",
        "@smithy/core": "^3.35.0",
        "@smithy/types": "^4.19.0",
        "tslib": "^2.6.2"
      },
      "engines": {
        "node": ">=20.0.0"
      }
    },
    "node_modules/@aws-sdk/dynamodb-codec": {
      "version": "3.973.46",
      "resolved": "https://registry.npmjs.org/@aws-sdk/dynamodb-codec/-/dynamodb-codec-3.973.46.tgz",
      "integrity": "sha512-ApnSubn+5C6HQGP7025q9w/YiNzKwimIMksP76xVij779BCCqcmJ9poB6hQ4syY9NUxqmEQLBqY0PktX53L8iQ==",
      "dev": true,
      "license": "Apache-2.0",
      "dependencies": {
        "@aws-sdk/core": "^3.978.1",
        "@smithy/core": "^3.35.0",
        "@smithy/types": "^4.19.0",
        "tslib": "^2.6.2"
      },
      "engines": {
        "node": ">=20.0.0"
      }
    },
    "node_modules/@aws-sdk/endpoint-cache": {
      "version": "3.972.11",
      "resolved": "https://registry.npmjs.org/@aws-sdk/endpoint-cache/-/endpoint-cache-3.972.11.tgz",
      "integrity": "sha512-8q1ICxcDjHId3bBryuu/j+1L9y5/3uQnwzLDt5j2ElcjZSoWmFtymdJy7OjLrluSMe0Z4mq5bcH4fxBXvlEHfw==",
      "dev": true,
      "license": "Apache-2.0",
      "dependencies": {
        "mnemonist": "0.38.3",
        "tslib": "^2.6.2"
      },
      "engines": {
        "node": ">=20.0.0"
      }
    },
    "node_modules/@aws-sdk/eventstream-handler-node": {
      "version": "3.972.35",
      "resolved": "https://registry.npmjs.org/@aws-sdk/eventstream-handler-node/-/eventstream-handler-node-3.972.35.tgz",
      "integrity": "sha512-a8xilRoRaalvSPZdfrs0VY3/BPc0uYhXW56Z/k6nmZ5Vk430LHeowf9APIPq8utM3tMJSNGSSuJMlB9YrPsN+A==",
      "dev": true,
      "license": "Apache-2.0",
      "dependencies": {
        "@aws-sdk/types": "^3.974.6",
        "@smithy/core": "^3.35.0",
        "@smithy/types": "^4.19.0",
        "tslib": "^2.6.2"
      },
      "engines": {
        "node": ">=20.0.0"
      }
    },
    "node_modules/@aws-sdk/lib-dynamodb": {
      "version": "3.1145.0",
      "resolved": "https://registry.npmjs.org/@aws-sdk/lib-dynamodb/-/lib-dynamodb-3.1145.0.tgz",
      "integrity": "sha512-bDcyA6ez0p2/7rNLUUHSdisc9BJABLWe+qX+SsOhflFCfBZFY+bWWHs3X+GGziIsPcbyF3IXxNZp4s/fQs4aDQ==",
      "dev": true,
      "license": "Apache-2.0",
      "dependencies": {
        "@aws-sdk/core": "^3.978.1",
        "@aws-sdk/util-dynamodb": "^3.996.9",
        "@smithy/core": "^3.35.0",
        "@smithy/types": "^4.19.0",
        "tslib": "^2.6.2"
      },
      "engines": {
        "node": ">=20.0.0"
      },
      "peerDependencies": {
        "@aws-sdk/client-dynamodb": "^3.1145.0"
      }
    },
    "node_modules/@aws-sdk/middleware-endpoint-discovery": {
      "version": "3.972.31",
      "resolved": "https://registry.npmjs.org/@aws-sdk/middleware-endpoint-discovery/-/middleware-endpoint-discovery-3.972.31.tgz",
      "integrity": "sha512-JqOIXupzP6cpAmCCmuEaacbXo/bVCcg1NkglCJC6q4wDAvJO09qIs7POf50JNzmhOhWPtfXvzgWxb5nMQl8QiA==",
      "dev": true,
      "license": "Apache-2.0",
      "dependencies": {
        "@aws-sdk/endpoint-cache": "^3.972.11",
        "@aws-sdk/types": "^3.974.6",
        "@smithy/core": "^3.35.0",
        "@smithy/types": "^4.19.0",
        "tslib": "^2.6.2"
      },
      "engines": {
        "node": ">=20.0.0"
      }
    },
    "node_modules/@aws-sdk/middleware-eventstream": {
      "version": "3.972.30",
      "resolved": "https://registry.npmjs.org/@aws-sdk/middleware-eventstream/-/middleware-eventstream-3.972.30.tgz",
      "integrity": "sha512-B6gvZlcnRBNWraKgyEjKsbhv+VjtbyHmpU7hmtTHzXpDSxHPpCJnYLpglEOOsF+SFne20DbZC5IVC1aNr2Pb4A==",
      "dev": true,
      "license": "Apache-2.0",
      "dependencies": {
        "@aws-sdk/types": "^3.974.6",
        "@smithy/core": "^3.35.0",
        "@smithy/types": "^4.19.0",
        "tslib": "^2.6.2"
      },
      "engines": {
        "node": ">=20.0.0"
      }
    },
    "node_modules/@aws-sdk/middleware-websocket": {
      "version": "3.972.54",
      "resolved": "https://registry.npmjs.org/@aws-sdk/middleware-websocket/-/middleware-websocket-3.972.54.tgz",
      "integrity": "sha512-bhESdru8u8KosziH8jcVta/NM/dNreeRz2+2aU86si5bfBYOiJ6IiqD+9U4URUcU5WJO3Yw+jO3GLDIHlscXMQ==",
      "dev": true,
      "license": "Apache-2.0",
      "dependencies": {
        "@aws-sdk/core": "^3.978.1",
        "@aws-sdk/types": "^3.974.6",
        "@smithy/core": "^3.35.0",
        "@smithy/fetch-http-handler": "^5.8.0",
        "@smithy/signature-v4": "^5.7.3",
        "@smithy/types": "^4.19.0",
        "tslib": "^2.6.2"
      },
      "engines": {
        "node": ">= 14.0.0"
      }
    },
    "node_modules/@aws-sdk/nested-clients": {
      "version": "3.997.46",
      "resolved": "https://registry.npmjs.org/@aws-sdk/nested-clients/-/nested-clients-3.997.46.tgz",
      "integrity": "sha512-oRxtBcka/JGHGs9l9p9IVajGoTP8vTPmoAzdHGy4Qcy9P5vPnDf6nhIeM/COQNY9k/OahImTRaLkHftoXvfcmQ==",
      "dev": true,
      "license": "Apache-2.0",
      "dependencies": {
        "@aws-sdk/core": "^3.978.1",
        "@aws-sdk/signature-v4-multi-region": "^3.996.47",
        "@aws-sdk/types": "^3.974.6",
        "@smithy/core": "^3.35.0",
        "@smithy/fetch-http-handler": "^5.8.0",
        "@smithy/node-http-handler": "^4.12.1",
        "@smithy/types": "^4.19.0",
        "tslib": "^2.6.2"
      },
      "engines": {
        "node": ">=20.0.0"
      }
    },
    "node_modules/@aws-sdk/signature-v4-multi-region": {
      "version": "3.996.47",
      "resolved": "https://registry.npmjs.org/@aws-sdk/signature-v4-multi-region/-/signature-v4-multi-region-3.996.47.tgz",
      "integrity": "sha512-Zk08macMvQTHzQJCLJVkOlviVoqwYMrpXv4lmLN7b7sAbiMoOK7Go0NYdR5UeF+MW8LIbRmwrNy9u/5VvX1U5g==",
      "dev": true,
      "license": "Apache-2.0",
      "dependencies": {
        "@aws-sdk/types": "^3.974.6",
        "@smithy/signature-v4": "^5.7.3",
        "@smithy/types": "^4.19.0",
        "tslib": "^2.6.2"
      },
      "engines": {
        "node": ">=20.0.0"
      }
    },
    "node_modules/@aws-sdk/token-providers": {
      "version": "3.1145.0",
      "resolved": "https://registry.npmjs.org/@aws-sdk/token-providers/-/token-providers-3.1145.0.tgz",
      "integrity": "sha512-1UaecerBv7NDpfcb5JO8bqbGN2k7yvHIXRU+lnOl/fd+TraWN8YBjEcZpaQYQydKNFxGH0lDuz3Kz6VIAbRTIw==",
      "dev": true,
      "license": "Apache-2.0",
      "dependencies": {
        "@aws-sdk/core": "^3.978.1",
        "@aws-sdk/nested-clients": "^3.997.46",
        "@aws-sdk/types": "^3.974.6",
        "@smithy/core": "^3.35.0",
        "@smithy/types": "^4.19.0",
        "tslib": "^2.6.2"
      },
      "engines": {
        "node": ">=20.0.0"
      }
    },
    "node_modules/@aws-sdk/types": {
      "version": "3.974.6",
      "resolved": "https://registry.npmjs.org/@aws-sdk/types/-/types-3.974.6.tgz",
      "integrity": "sha512-v/clNZzZnDxGyvpHMOGpJKVXFAExJzUNAAjaWGdcx8QAcXLGwTaOkw33p5SHAi0YAioK32xB3hWwOekRVfmfKg==",
      "dev": true,
      "license": "Apache-2.0",
      "dependencies": {
        "@smithy/types": "^4.19.0",
        "tslib": "^2.6.2"
      },
      "engines": {
        "node": ">=20.0.0"
      }
    },
    "node_modules/@aws-sdk/util-dynamodb": {
      "version": "3.996.9",
      "resolved": "https://registry.npmjs.org/@aws-sdk/util-dynamodb/-/util-dynamodb-3.996.9.tgz",
      "integrity": "sha512-16x2tRvl7OYpZ0W/DdFJieFriD13+RvuRBDbe5sj/tCEfK86HSGd7I2s5j0ivz8p6KWGkS+5wKRO9OliJkjUOQ==",
      "dev": true,
      "license": "Apache-2.0",
      "dependencies": {
        "tslib": "^2.6.2"
      },
      "engines": {
        "node": ">=20.0.0"
      },
      "peerDependencies": {
        "@aws-sdk/client-dynamodb": "^3.1111.0"
      }
    },
    "node_modules/@aws-sdk/xml-builder": {
      "version": "3.972.41",
      "resolved": "https://registry.npmjs.org/@aws-sdk/xml-builder/-/xml-builder-3.972.41.tgz",
      "integrity": "sha512-ctjVSyCMegrWfXlx6VqzSBFI6UqmQ5ZlnfMhdLIiWmhoH8UAQxSCP5N3OpG7X3k4LnS7ou74C4mt20+bfTW2aQ==",
      "dev": true,
      "license": "Apache-2.0",
      "dependencies": {
        "@smithy/types": "^4.19.0",
        "tslib": "^2.6.2"
      },
      "engines": {
        "node": ">=20.0.0"
      }
    },
    "node_modules/@aws/lambda-invoke-store": {
      "version": "0.3.0",
      "resolved": "https://registry.npmjs.org/@aws/lambda-invoke-store/-/lambda-invoke-store-0.3.0.tgz",
      "integrity": "sha512-sl4Bm6yiMNYrZKkqqDFWN0UfnWhlS8ivKxrYl+6t0gCLrqr8y3B2IqZZbFRkfaVVp7C/baApyh71P+LeE1A2sQ==",
      "dev": true,
      "license": "Apache-2.0",
      "engines": {
        "node": ">=18.0.0"
      }
    },
    "node_modules/@paypal/paypal-server-sdk": {
      "version": "2.5.0",
      "resolved": "https://registry.npmjs.org/@paypal/paypal-server-sdk/-/paypal-server-sdk-2.5.0.tgz",
      "integrity": "sha512-smJXZx7Euj6f886BszgMyy8dhWWVCI0++QDPn+I5ugcYwNmhzR+vvWr5CuW1Z4+KPh44hSOzhlXnNEjWnugEtg==",
      "license": "MIT",
      "dependencies": {
        "@apimatic/authentication-adapters": "^0.5.14",
        "@apimatic/axios-client-adapter": "^0.3.20",
        "@apimatic/core": "^0.10.30",
        "@apimatic/oauth-adapters": "^0.4.18",
        "@apimatic/schema": "^0.7.21",
        "tslib": "^2.5.0"
      },
      "engines": {
        "node": ">=14.17.0"
      }
    },
    "node_modules/@smithy/core": {
      "version": "3.35.1",
      "resolved": "https://registry.npmjs.org/@smithy/core/-/core-3.35.1.tgz",
      "integrity": "sha512-i4YPS4B6ts7bjn7UwLnGjiZdprOvHvgGobFZsYK3GIY3E5hIqtj0rReU69BcTpGp+fvtraSNXeG1l+jtJvF55w==",
      "dev": true,
      "license": "Apache-2.0",
      "dependencies": {
        "@smithy/types": "^4.19.0",
        "tslib": "^2.6.2"
      },
      "engines": {
        "node": ">=18.0.0"
      }
    },
    "node_modules/@smithy/credential-provider-imds": {
      "version": "4.5.2",
      "resolved": "https://registry.npmjs.org/@smithy/credential-provider-imds/-/credential-provider-imds-4.5.2.tgz",
      "integrity": "sha512-A9uSdn72ozbRUSit0eib0TW7nXuNPlaeM0zcGkJ+nE6tFcSDbnmtwoxbTCFBukVQcszDAyvsd7+rTduPTXpygg==",
      "dev": true,
      "license": "Apache-2.0",
      "dependencies": {
        "@smithy/core": "^3.33.2",
        "@smithy/types": "^4.17.2",
        "tslib": "^2.6.2"
      },
      "engines": {
        "node": ">=18.0.0"
      }
    },
    "node_modules/@smithy/fetch-http-handler": {
      "version": "5.8.0",
      "resolved": "https://registry.npmjs.org/@smithy/fetch-http-handler/-/fetch-http-handler-5.8.0.tgz",
      "integrity": "sha512-ycSJu3tFAQ4v04CBB0agqFMVsSQ1iG3yw+SpgxRqKfaURpQD4CZ8Wn0zPMmSnOuTpTh65Vz+EA0rMrw089wvkA==",
      "dev": true,
      "license": "Apache-2.0",
      "dependencies": {
        "@smithy/core": "^3.33.3",
        "@smithy/types": "^4.18.0",
        "tslib": "^2.6.2"
      },
      "engines": {
        "node": ">=18.0.0"
      }
    },
    "node_modules/@smithy/node-http-handler": {
      "version": "4.12.1",
      "resolved": "https://registry.npmjs.org/@smithy/node-http-handler/-/node-http-handler-4.12.1.tgz",
      "integrity": "sha512-ThMkboGeONWXAelq9FvGsuJC4rOi+qyC4/zhUF58xYpxUg5sQKx2VXZYJmtNjr4dSuBJ1HeJXETQILCz3wOHvw==",
      "dev": true,
      "license": "Apache-2.0",
      "dependencies": {
        "@smithy/core": "^3.33.3",
        "@smithy/types": "^4.18.0",
        "tslib": "^2.6.2"
      },
      "engines": {
        "node": ">=18.0.0"
      }
    },
    "node_modules/@smithy/signature-v4": {
      "version": "5.7.4",
      "resolved": "https://registry.npmjs.org/@smithy/signature-v4/-/signature-v4-5.7.4.tgz",
      "integrity": "sha512-tHy0K0VtqNd5Y7Y41h0a0Lhh0L1GzC08dTWg0F7vRJWFtTENg7IZikf3wQkanYIRdb7ngoIPMTmqgUi401fEeQ==",
      "dev": true,
      "license": "Apache-2.0",
      "dependencies": {
        "@smithy/core": "^3.35.0",
        "@smithy/types": "^4.19.0",
        "tslib": "^2.6.2"
      },
      "engines": {
        "node": ">=18.0.0"
      }
    },
    "node_modules/@smithy/types": {
      "version": "4.19.0",
      "resolved": "https://registry.npmjs.org/@smithy/types/-/types-4.19.0.tgz",
      "integrity": "sha512-r7jh49VJxGerfAcTQA6gXcKc+98zOp/tqRwzYjgOE+iSQsP6cEU1hq2QzbuipmP68QtYdY9wKEhiCQZIzHgZ4Q==",
      "dev": true,
      "license": "Apache-2.0",
      "dependencies": {
        "tslib": "^2.6.2"
      },
      "engines": {
        "node": ">=18.0.0"
      }
    },
    "node_modules/agent-base": {
      "version": "7.1.4",
      "resolved": "https://registry.npmjs.org/agent-base/-/agent-base-7.1.4.tgz",
      "integrity": "sha512-MnA+YT8fwfJPgBx3m60MNqakm30XOkyIoH1y6huTQvC0PwZG7ki8NacLBcrPbNoo8vEZy7Jpuk7+jMO+CUovTQ==",
      "license": "MIT",
      "engines": {
        "node": ">= 14"
      }
    },
    "node_modules/asynckit": {
      "version": "0.4.0",
      "resolved": "https://registry.npmjs.org/asynckit/-/asynckit-0.4.0.tgz",
      "integrity": "sha512-Oei9OH4tRh0YqU3GxhX79dM/mwVgvbZJaSNaRk+bshkj0S5cfHcgYakreBjrHwatXKbz+IoIdYLxrKim2MjW0Q==",
      "license": "MIT"
    },
    "node_modules/axios": {
      "version": "1.20.0",
      "resolved": "https://registry.npmjs.org/axios/-/axios-1.20.0.tgz",
      "integrity": "sha512-r8aOh8j9cGKpgQAqpzrUHnSIc6a59Y3Xf/cv8sy1DrHCkZHzQGEuoq1tARk6qSyDdtQGSDgpb9kFlruzPvrgwg==",
      "license": "MIT",
      "dependencies": {
        "follow-redirects": "^1.16.0",
        "form-data": "^4.0.6",
        "https-proxy-agent": "^5.0.1",
        "proxy-from-env": "^2.1.0"
      }
    },
    "node_modules/axios/node_modules/agent-base": {
      "version": "6.0.2",
      "resolved": "https://registry.npmjs.org/agent-base/-/agent-base-6.0.2.tgz",
      "integrity": "sha512-RZNwNclF7+MS/8bDg70amg32dyeZGZxiDuQmZxKLAlQjr3jGyLx+4Kkk58UO7D2QdgFIQCovuSuZESne6RG6XQ==",
      "license": "MIT",
      "dependencies": {
        "debug": "4"
      },
      "engines": {
        "node": ">= 6.0.0"
      }
    },
    "node_modules/axios/node_modules/https-proxy-agent": {
      "version": "5.0.1",
      "resolved": "https://registry.npmjs.org/https-proxy-agent/-/https-proxy-agent-5.0.1.tgz",
      "integrity": "sha512-dFcAjpTQFgoLMzC2VwU+C/CbS7uRL0lWmxDITmqm7C+7F0Odmj6s9l6alZc6AELXhrnggM2CeWSXHGOdX2YtwA==",
      "license": "MIT",
      "dependencies": {
        "agent-base": "6",
        "debug": "4"
      },
      "engines": {
        "node": ">= 6"
      }
    },
    "node_modules/bowser": {
      "version": "2.14.1",
      "resolved": "https://registry.npmjs.org/bowser/-/bowser-2.14.1.tgz",
      "integrity": "sha512-tzPjzCxygAKWFOJP011oxFHs57HzIhOEracIgAePE4pqB3LikALKnSzUyU4MGs9/iCEUuHlAJTjTc5M+u7YEGg==",
      "dev": true,
      "license": "MIT"
    },
    "node_modules/call-bind-apply-helpers": {
      "version": "1.0.2",
      "resolved": "https://registry.npmjs.org/call-bind-apply-helpers/-/call-bind-apply-helpers-1.0.2.tgz",
      "integrity": "sha512-Sp1ablJ0ivDkSzjcaJdxEunN5/XvksFJ2sMBFfq6x0ryhQV/2b/KwFe21cMpmHtPOSij8K99/wSfoEuTObmuMQ==",
      "license": "MIT",
      "dependencies": {
        "es-errors": "^1.3.0",
        "function-bind": "^1.1.2"
      },
      "engines": {
        "node": ">= 0.4"
      }
    },
    "node_modules/combined-stream": {
      "version": "1.0.8",
      "resolved": "https://registry.npmjs.org/combined-stream/-/combined-stream-1.0.8.tgz",
      "integrity": "sha512-FQN4MRfuJeHf7cBbBMJFXhKSDq+2kAArBlmRBvcvFE5BB1HZKXtSFASDhdlz9zOYwxh8lDdnvmMOe/+5cdoEdg==",
      "license": "MIT",
      "dependencies": {
        "delayed-stream": "~1.0.0"
      },
      "engines": {
        "node": ">= 0.8"
      }
    },
    "node_modules/debug": {
      "version": "4.4.3",
      "resolved": "https://registry.npmjs.org/debug/-/debug-4.4.3.tgz",
      "integrity": "sha512-RGwwWnwQvkVfavKVt22FGLw+xYSdzARwm0ru6DhTVA3umU5hZc28V3kO4stgYryrTlLpuvgI9GiijltAjNbcqA==",
      "license": "MIT",
      "dependencies": {
        "ms": "^2.1.3"
      },
      "engines": {
        "node": ">=6.0"
      },
      "peerDependenciesMeta": {
        "supports-color": {
          "optional": true
        }
      }
    },
    "node_modules/delayed-stream": {
      "version": "1.0.0",
      "resolved": "https://registry.npmjs.org/delayed-stream/-/delayed-stream-1.0.0.tgz",
      "integrity": "sha512-ZySD7Nf91aLB0RxL4KGrKHBXl7Eds1DAmEdcoVawXnLD7SDhpNgtuII2aAkg7a7QS41jxPSZ17p4VdGnMHk3MQ==",
      "license": "MIT",
      "engines": {
        "node": ">=0.4.0"
      }
    },
    "node_modules/detect-browser": {
      "version": "5.3.0",
      "resolved": "https://registry.npmjs.org/detect-browser/-/detect-browser-5.3.0.tgz",
      "integrity": "sha512-53rsFbGdwMwlF7qvCt0ypLM5V5/Mbl0szB7GPN8y9NCcbknYOeVVXdrXEq+90IwAfrrzt6Hd+u2E2ntakICU8w==",
      "license": "MIT"
    },
    "node_modules/detect-node": {
      "version": "2.1.0",
      "resolved": "https://registry.npmjs.org/detect-node/-/detect-node-2.1.0.tgz",
      "integrity": "sha512-T0NIuQpnTvFDATNuHN5roPwSBG83rFsuO+MXXH9/3N1eFbn4wcPjttvjMLEPWJ0RGUYgQE7cGgS3tNxbqCGM7g==",
      "license": "MIT"
    },
    "node_modules/dunder-proto": {
      "version": "1.0.1",
      "resolved": "https://registry.npmjs.org/dunder-proto/-/dunder-proto-1.0.1.tgz",
      "integrity": "sha512-KIN/nDJBQRcXw0MLVhZE9iQHmG68qAVIBg9CqmUYjmQIhgij9U5MFvrqkUL5FbtyyzZuOeOt0zdeRe4UY7ct+A==",
      "license": "MIT",
      "dependencies": {
        "call-bind-apply-helpers": "^1.0.1",
        "es-errors": "^1.3.0",
        "gopd": "^1.2.0"
      },
      "engines": {
        "node": ">= 0.4"
      }
    },
    "node_modules/es-define-property": {
      "version": "1.0.1",
      "resolved": "https://registry.npmjs.org/es-define-property/-/es-define-property-1.0.1.tgz",
      "integrity": "sha512-e3nRfgfUZ4rNGL232gUgX06QNyyez04KdjFrF+LTRoOXmrOgFKDg4BCdsjW8EnT69eqdYGmRpJwiPVYNrCaW3g==",
      "license": "MIT",
      "engines": {
        "node": ">= 0.4"
      }
    },
    "node_modules/es-errors": {
      "version": "1.3.0",
      "resolved": "https://registry.npmjs.org/es-errors/-/es-errors-1.3.0.tgz",
      "integrity": "sha512-Zf5H2Kxt2xjTvbJvP2ZWLEICxA6j+hAmMzIlypy4xcBg1vKVnx89Wy0GbS+kf5cwCVFFzdCFh2XSCFNULS6csw==",
      "license": "MIT",
      "engines": {
        "node": ">= 0.4"
      }
    },
    "node_modules/es-object-atoms": {
      "version": "1.1.2",
      "resolved": "https://registry.npmjs.org/es-object-atoms/-/es-object-atoms-1.1.2.tgz",
      "integrity": "sha512-HWcBoN6NileqtSydK2FqHbS/LoDd2pqrnQHLyJzBj4kOp/ky2MWMN694xOfkK8/SnUsW2DH7EfyVlydKCsm1Zw==",
      "license": "MIT",
      "dependencies": {
        "es-errors": "^1.3.0"
      },
      "engines": {
        "node": ">= 0.4"
      }
    },
    "node_modules/es-set-tostringtag": {
      "version": "2.1.0",
      "resolved": "https://registry.npmjs.org/es-set-tostringtag/-/es-set-tostringtag-2.1.0.tgz",
      "integrity": "sha512-j6vWzfrGVfyXxge+O0x5sh6cvxAog0a/4Rdd2K36zCMV5eJ+/+tOAngRO8cODMNWbVRdVlmGZQL2YS3yR8bIUA==",
      "license": "MIT",
      "dependencies": {
        "es-errors": "^1.3.0",
        "get-intrinsic": "^1.2.6",
        "has-tostringtag": "^1.0.2",
        "hasown": "^2.0.2"
      },
      "engines": {
        "node": ">= 0.4"
      }
    },
    "node_modules/follow-redirects": {
      "version": "1.16.1",
      "resolved": "https://registry.npmjs.org/follow-redirects/-/follow-redirects-1.16.1.tgz",
      "integrity": "sha512-FNvFGzoMLWmE6Yj9spb/zjd7yiNCHiAW9/Tg9CXrQ8wuu32HtlJOwWO11OJafl5FfY3DxTdQ0vj42zU1kvv5jg==",
      "funding": [
        {
          "type": "individual",
          "url": "https://github.com/sponsors/RubenVerborgh"
        }
      ],
      "license": "MIT",
      "engines": {
        "node": ">=4.0"
      },
      "peerDependenciesMeta": {
        "debug": {
          "optional": true
        }
      }
    },
    "node_modules/form-data": {
      "version": "4.0.6",
      "resolved": "https://registry.npmjs.org/form-data/-/form-data-4.0.6.tgz",
      "integrity": "sha512-vKatAh4SlVfgbv+YtmhiRjhEMJsYpsG1Y2rMQtR+SVSbytsSD1YGzDIcrAJmdFec88u/+VoGmxnl+80gL1tRCQ==",
      "license": "MIT",
      "dependencies": {
        "asynckit": "^0.4.0",
        "combined-stream": "^1.0.8",
        "es-set-tostringtag": "^2.1.0",
        "hasown": "^2.0.4",
        "mime-types": "^2.1.35"
      },
      "engines": {
        "node": ">= 6"
      }
    },
    "node_modules/function-bind": {
      "version": "1.1.2",
      "resolved": "https://registry.npmjs.org/function-bind/-/function-bind-1.1.2.tgz",
      "integrity": "sha512-7XHNxH7qX9xG5mIwxkhumTox/MIRNcOgDrxWsMt2pAr23WHp6MrRlN7FBSFpCpr+oVO0F744iUgR82nJMfG2SA==",
      "license": "MIT",
      "funding": {
        "url": "https://github.com/sponsors/ljharb"
      }
    },
    "node_modules/get-intrinsic": {
      "version": "1.3.0",
      "resolved": "https://registry.npmjs.org/get-intrinsic/-/get-intrinsic-1.3.0.tgz",
      "integrity": "sha512-9fSjSaos/fRIVIp+xSJlE6lfwhES7LNtKaCBIamHsjr2na1BiABJPo0mOjjz8GJDURarmCPGqaiVg5mfjb98CQ==",
      "license": "MIT",
      "dependencies": {
        "call-bind-apply-helpers": "^1.0.2",
        "es-define-property": "^1.0.1",
        "es-errors": "^1.3.0",
        "es-object-atoms": "^1.1.1",
        "function-bind": "^1.1.2",
        "get-proto": "^1.0.1",
        "gopd": "^1.2.0",
        "has-symbols": "^1.1.0",
        "hasown": "^2.0.2",
        "math-intrinsics": "^1.1.0"
      },
      "engines": {
        "node": ">= 0.4"
      },
      "funding": {
        "url": "https://github.com/sponsors/ljharb"
      }
    },
    "node_modules/get-proto": {
      "version": "1.0.1",
      "resolved": "https://registry.npmjs.org/get-proto/-/get-proto-1.0.1.tgz",
      "integrity": "sha512-sTSfBjoXBp89JvIKIefqw7U2CCebsc74kiY6awiGogKtoSGbgjYE/G/+l9sF3MWFPNc9IcoOC4ODfKHfxFmp0g==",
      "license": "MIT",
      "dependencies": {
        "dunder-proto": "^1.0.1",
        "es-object-atoms": "^1.0.0"
      },
      "engines": {
        "node": ">= 0.4"
      }
    },
    "node_modules/gopd": {
      "version": "1.2.0",
      "resolved": "https://registry.npmjs.org/gopd/-/gopd-1.2.0.tgz",
      "integrity": "sha512-ZUKRh6/kUFoAiTAtTYPZJ3hw9wNxx+BIBOijnlG9PnrJsCcSjs1wyyD6vJpaYtgnzDrKYRSqf3OO6Rfa93xsRg==",
      "license": "MIT",
      "engines": {
        "node": ">= 0.4"
      },
      "funding": {
        "url": "https://github.com/sponsors/ljharb"
      }
    },
    "node_modules/has-symbols": {
      "version": "1.1.0",
      "resolved": "https://registry.npmjs.org/has-symbols/-/has-symbols-1.1.0.tgz",
      "integrity": "sha512-1cDNdwJ2Jaohmb3sg4OmKaMBwuC48sYni5HUw2DvsC8LjGTLK9h+eb1X6RyuOHe4hT0ULCW68iomhjUoKUqlPQ==",
      "license": "MIT",
      "engines": {
        "node": ">= 0.4"
      },
      "funding": {
        "url": "https://github.com/sponsors/ljharb"
      }
    },
    "node_modules/has-tostringtag": {
      "version": "1.0.2",
      "resolved": "https://registry.npmjs.org/has-tostringtag/-/has-tostringtag-1.0.2.tgz",
      "integrity": "sha512-NqADB8VjPFLM2V0VvHUewwwsw0ZWBaIdgo+ieHtK3hasLz4qeCRjYcqfB6AQrBggRKppKF8L52/VqdVsO47Dlw==",
      "license": "MIT",
      "dependencies": {
        "has-symbols": "^1.0.3"
      },
      "engines": {
        "node": ">= 0.4"
      },
      "funding": {
        "url": "https://github.com/sponsors/ljharb"
      }
    },
    "node_modules/hasown": {
      "version": "2.0.4",
      "resolved": "https://registry.npmjs.org/hasown/-/hasown-2.0.4.tgz",
      "integrity": "sha512-T2UbfbBEF32wiepXIsMlTW9+dDYC6wMh/t/vYA4tuOMKqWz/n3vr1NFSxQiyP+zk2mXsoMA/i/7qV6LKut1t1A==",
      "license": "MIT",
      "dependencies": {
        "function-bind": "^1.1.2"
      },
      "engines": {
        "node": ">= 0.4"
      }
    },
    "node_modules/http-proxy-agent": {
      "version": "7.0.2",
      "resolved": "https://registry.npmjs.org/http-proxy-agent/-/http-proxy-agent-7.0.2.tgz",
      "integrity": "sha512-T1gkAiYYDWYx3V5Bmyu7HcfcvL7mUrTWiM6yOfa3PIphViJ/gFPbvidQ+veqSOHci/PxBcDabeUNCzpOODJZig==",
      "license": "MIT",
      "dependencies": {
        "agent-base": "^7.1.0",
        "debug": "^4.3.4"
      },
      "engines": {
        "node": ">= 14"
      }
    },
    "node_modules/https-proxy-agent": {
      "version": "7.0.6",
      "resolved": "https://registry.npmjs.org/https-proxy-agent/-/https-proxy-agent-7.0.6.tgz",
      "integrity": "sha512-vK9P5/iUfdl95AI+JVyUuIcVtd4ofvtrOr3HNtM2yxC9bnMbEdp3x01OhQNnjb8IJYi38VlTE3mBXwcfvywuSw==",
      "license": "MIT",
      "dependencies": {
        "agent-base": "^7.1.2",
        "debug": "4"
      },
      "engines": {
        "node": ">= 14"
      }
    },
    "node_modules/lodash.defaultsdeep": {
      "version": "4.6.1",
      "resolved": "https://registry.npmjs.org/lodash.defaultsdeep/-/lodash.defaultsdeep-4.6.1.tgz",
      "integrity": "sha512-3j8wdDzYuWO3lM3Reg03MuQR957t287Rpcxp1njpEa8oDrikb+FwGdW3n+FELh/A6qib6yPit0j/pv9G/yeAqA==",
      "license": "MIT"
    },
    "node_modules/lodash.flatmap": {
      "version": "4.5.0",
      "resolved": "https://registry.npmjs.org/lodash.flatmap/-/lodash.flatmap-4.5.0.tgz",
      "integrity": "sha512-/OcpcAGWlrZyoHGeHh3cAoa6nGdX6QYtmzNP84Jqol6UEQQ2gIaU3H+0eICcjcKGl0/XF8LWOujNn9lffsnaOg==",
      "license": "MIT"
    },
    "node_modules/math-intrinsics": {
      "version": "1.1.0",
      "resolved": "https://registry.npmjs.org/math-intrinsics/-/math-intrinsics-1.1.0.tgz",
      "integrity": "sha512-/IXtbwEk5HTPyEwyKX6hGkYXxM9nbj64B+ilVJnC/R6B0pH5G4V3b0pVbL7DBj4tkhBAppbQUlf6F6Xl9LHu1g==",
      "license": "MIT",
      "engines": {
        "node": ">= 0.4"
      }
    },
    "node_modules/mime-db": {
      "version": "1.52.0",
      "resolved": "https://registry.npmjs.org/mime-db/-/mime-db-1.52.0.tgz",
      "integrity": "sha512-sPU4uV7dYlvtWJxwwxHD0PuihVNiE7TyAbQ5SWxDCB9mUYvOgroQOwYQQOKPJ8CIbE+1ETVlOoK1UC2nU3gYvg==",
      "license": "MIT",
      "engines": {
        "node": ">= 0.6"
      }
    },
    "node_modules/mime-types": {
      "version": "2.1.35",
      "resolved": "https://registry.npmjs.org/mime-types/-/mime-types-2.1.35.tgz",
      "integrity": "sha512-ZDY+bPm5zTTF+YpCrAU9nK0UgICYPT0QtT1NZWFv4s++TNkcgVaT0g6+4R2uI4MjQjzysHB1zxuWL50hzaeXiw==",
      "license": "MIT",
      "dependencies": {
        "mime-db": "1.52.0"
      },
      "engines": {
        "node": ">= 0.6"
      }
    },
    "node_modules/mnemonist": {
      "version": "0.38.3",
      "resolved": "https://registry.npmjs.org/mnemonist/-/mnemonist-0.38.3.tgz",
      "integrity": "sha512-2K9QYubXx/NAjv4VLq1d1Ly8pWNC5L3BrixtdkyTegXWJIqY+zLNDhhX/A+ZwWt70tB1S8H4BE8FLYEFyNoOBw==",
      "dev": true,
      "license": "MIT",
      "dependencies": {
        "obliterator": "^1.6.1"
      }
    },
    "node_modules/ms": {
      "version": "2.1.3",
      "resolved": "https://registry.npmjs.org/ms/-/ms-2.1.3.tgz",
      "integrity": "sha512-6FlzubTLZG3J2a/NVCAleEhjzq5oxgHyaCU9yYXvcLsvoVaHJq/s5xXI6/XXP6tz7R9xAOtHnSO/tXtF3WRTlA==",
      "license": "MIT"
    },
    "node_modules/obliterator": {
      "version": "1.6.1",
      "resolved": "https://registry.npmjs.org/obliterator/-/obliterator-1.6.1.tgz",
      "integrity": "sha512-9WXswnqINnnhOG/5SLimUlzuU1hFJUc8zkwyD59Sd+dPOMf05PmnYG/d6Q7HZ+KmgkZJa1PxRso6QdM3sTNHig==",
      "dev": true,
      "license": "MIT"
    },
    "node_modules/proxy-from-env": {
      "version": "2.1.0",
      "resolved": "https://registry.npmjs.org/proxy-from-env/-/proxy-from-env-2.1.0.tgz",
      "integrity": "sha512-cJ+oHTW1VAEa8cJslgmUZrc+sjRKgAKl3Zyse6+PV38hZe/V6Z14TbCuXcan9F9ghlz4QrFr2c92TNF82UkYHA==",
      "license": "MIT",
      "engines": {
        "node": ">=10"
      }
    },
    "node_modules/tiny-warning": {
      "version": "1.0.3",
      "resolved": "https://registry.npmjs.org/tiny-warning/-/tiny-warning-1.0.3.tgz",
      "integrity": "sha512-lBN9zLN/oAf68o3zNXYrdCt1kP8WsiGW8Oo2ka41b2IM5JL/S1CTyX1rW0mb/zSuJun0ZUrDxx4sqvYS2FWzPA==",
      "license": "MIT"
    },
    "node_modules/tslib": {
      "version": "2.8.1",
      "resolved": "https://registry.npmjs.org/tslib/-/tslib-2.8.1.tgz",
      "integrity": "sha512-oJFu94HQb+KVduSUQL7wnpmqnfmLsOA/nAh6b6EH0wCEoK0/mPeXU6c3wKDV83MkOuHPRHtSXKKU99IBazS/2w==",
      "license": "0BSD"
    }
  }
}
